
Microsoft Visual Studio Solution File, Format Version 12.00
# Visual Studio Version 16
VisualStudioVersion = 16.0.30413.136
MinimumVisualStudioVersion = 10.0.40219.1
Project("{9A19103F-16F7-4668-BE54-9A1E7A4F7556}") = "Shooter", "Shooter.csproj", "{45472A15-E0DC-4977-9C82-004464BC0B8C}"
EndProject
Project("{FAE04EC0-301F-11D3-BF4B-00C04F79EFBC}") = "Shooter.Tests", "..\Shooter.Tests\Shooter.Tests.csproj", "{11362AD2-FE6A-47B7-B79D-7D922561844D}"
EndProject
Global
	GlobalSection(SolutionConfigurationPlatforms) = preSolution
		Debug|Any CPU = Debug|Any CPU
		Release|Any CPU = Release|Any CPU
	EndGlobalSection
	GlobalSection(ProjectConfigurationPlatforms) = postSolution
		{45472A15-E0DC-4977-9C82-004464BC0B8C}.Debug|Any CPU.ActiveCfg = Debug|Any CPU
		{45472A15-E0DC-4977-9C82-004464BC0B8C}.Debug|Any CPU.Build.0 = Debug|Any CPU
		{45472A15-E0DC-4977-9C82-004464BC0B8C}.Release|Any CPU.ActiveCfg = Release|Any CPU
		{45472A15-E0DC-4977-9C82-004464BC0B8C}.Release|Any CPU.Build.0 = Release|Any CPU
		{11362AD2-FE6A-47B7-B79D-7D922561844D}.Debug|Any CPU.ActiveCfg = Debug|Any CPU
		{11362AD2-FE6A-47B7-B79D-7D922561844D}.Debug|Any CPU.Build.0 = Debug|Any CPU
		{11362AD2-FE6A-47B7-B79D-7D922561844D}.Release|Any CPU.ActiveCfg = Release|Any CPU
		{11362AD2-FE6A-47B7-B79D-7D922561844D}.Release|Any CPU.Build.0 = Release|Any CPU
	EndGlobalSection
	GlobalSection(SolutionProperties) = preSolution
		HideSolutionNode = FALSE
	EndGlobalSection
	GlobalSection(ExtensibilityGlobals) = postSolution
		SolutionGuid = {19CC0388-BC9E-4398-9952-8BBDF34921F5}
	EndGlobalSection
EndGlobal
